
Microsoft Visual Studio Solution File, Format Version 12.00
# Visual Studio 15
VisualStudioVersion = 15.0.28307.1259
MinimumVisualStudioVersion = 10.0.40219.1
Project("{FAE04EC0-301F-11D3-BF4B-00C04F79EFBC}") = "ClientCFC-P4-071", "ClientCFC-P4-071\ClientCFC-P4-071.csproj", "{A95F3DB1-8B8D-41EC-ADBF-3D6FB2E70261}"
EndProject
Global
	GlobalSection(SolutionConfigurationPlatforms) = preSolution
		Debug|Any CPU = Debug|Any CPU
		Release|Any CPU = Release|Any CPU
	EndGlobalSection
	GlobalSection(ProjectConfigurationPlatforms) = postSolution
		{A95F3DB1-8B8D-41EC-ADBF-3D6FB2E70261}.Debug|Any CPU.ActiveCfg = Debug|Any CPU
		{A95F3DB1-8B8D-41EC-ADBF-3D6FB2E70261}.Debug|Any CPU.Build.0 = Debug|Any CPU
		{A95F3DB1-8B8D-41EC-ADBF-3D6FB2E70261}.Release|Any CPU.ActiveCfg = Release|Any CPU
		{A95F3DB1-8B8D-41EC-ADBF-3D6FB2E70261}.Release|Any CPU.Build.0 = Release|Any CPU
	EndGlobalSection
	GlobalSection(SolutionProperties) = preSolution
		HideSolutionNode = FALSE
	EndGlobalSection
	GlobalSection(ExtensibilityGlobals) = postSolution
		SolutionGuid = {E2022561-C248-4C0B-A85A-EE8A96D83D7B}
	EndGlobalSection
EndGlobal
